
Microsoft Visual Studio Solution File, Format Version 12.00
# Visual Studio Version 17
VisualStudioVersion = 17.3.32819.101
MinimumVisualStudioVersion = 10.0.40219.1
Project("{9A19103F-16F7-4668-BE54-9A1E7A4F7556}") = "CollectionDemo", "CollectionDemo.csproj", "{62F71D2D-B4BD-4CAE-A32C-BFADAEDF7C7E}"
EndProject
Global
	GlobalSection(SolutionConfigurationPlatforms) = preSolution
		Debug|Any CPU = Debug|Any CPU
		Release|Any CPU = Release|Any CPU
	EndGlobalSection
	GlobalSection(ProjectConfigurationPlatforms) = postSolution
		{62F71D2D-B4BD-4CAE-A32C-BFADAEDF7C7E}.Debug|Any CPU.ActiveCfg = Debug|Any CPU
		{62F71D2D-B4BD-4CAE-A32C-BFADAEDF7C7E}.Debug|Any CPU.Build.0 = Debug|Any CPU
		{62F71D2D-B4BD-4CAE-A32C-BFADAEDF7C7E}.Release|Any CPU.ActiveCfg = Release|Any CPU
		{62F71D2D-B4BD-4CAE-A32C-BFADAEDF7C7E}.Release|Any CPU.Build.0 = Release|Any CPU
	EndGlobalSection
	GlobalSection(SolutionProperties) = preSolution
		HideSolutionNode = FALSE
	EndGlobalSection
	GlobalSection(ExtensibilityGlobals) = postSolution
		SolutionGuid = {3457C9F3-E336-4B52-AA11-BC9D85E576B9}
	EndGlobalSection
EndGlobal
